
Microsoft Visual Studio Solution File, Format Version 12.00
# Visual Studio Version 16
VisualStudioVersion = 16.0.33328.57
MinimumVisualStudioVersion = 10.0.40219.1
Project("{8BC9CEB8-8B4A-11D0-8D11-00A0C91BC942}") = "Objects and Classes", "Objects and Classes\Objects and Classes.vcxproj", "{7CF11140-278E-429C-A16C-5F0B5FC34FC7}"
EndProject
Global
	GlobalSection(SolutionConfigurationPlatforms) = preSolution
		Debug|x64 = Debug|x64
		Debug|x86 = Debug|x86
		Release|x64 = Release|x64
		Release|x86 = Release|x86
	EndGlobalSection
	GlobalSection(ProjectConfigurationPlatforms) = postSolution
		{7CF11140-278E-429C-A16C-5F0B5FC34FC7}.Debug|x64.ActiveCfg = Debug|x64
		{7CF11140-278E-429C-A16C-5F0B5FC34FC7}.Debug|x64.Build.0 = Debug|x64
		{7CF11140-278E-429C-A16C-5F0B5FC34FC7}.Debug|x86.ActiveCfg = Debug|Win32
		{7CF11140-278E-429C-A16C-5F0B5FC34FC7}.Debug|x86.Build.0 = Debug|Win32
		{7CF11140-278E-429C-A16C-5F0B5FC34FC7}.Release|x64.ActiveCfg = Release|x64
		{7CF11140-278E-429C-A16C-5F0B5FC34FC7}.Release|x64.Build.0 = Release|x64
		{7CF11140-278E-429C-A16C-5F0B5FC34FC7}.Release|x86.ActiveCfg = Release|Win32
		{7CF11140-278E-429C-A16C-5F0B5FC34FC7}.Release|x86.Build.0 = Release|Win32
	EndGlobalSection
	GlobalSection(SolutionProperties) = preSolution
		HideSolutionNode = FALSE
	EndGlobalSection
	GlobalSection(ExtensibilityGlobals) = postSolution
		SolutionGuid = {D3D53326-3D27-4C41-AA17-CBBE2536EAC5}
	EndGlobalSection
EndGlobal
